
Microsoft Visual Studio Solution File, Format Version 12.00
# Visual Studio 2012
Project("{FAE04EC0-301F-11D3-BF4B-00C04F79EFBC}") = "3MPhone", "3MPhone\3MPhone.csproj", "{4CB1DF25-D44F-4D23-9A50-50B1E8630FEB}"
EndProject
Global
	GlobalSection(SolutionConfigurationPlatforms) = preSolution
		Debug|Any CPU = Debug|Any CPU
		Release|Any CPU = Release|Any CPU
	EndGlobalSection
	GlobalSection(ProjectConfigurationPlatforms) = postSolution
		{4CB1DF25-D44F-4D23-9A50-50B1E8630FEB}.Debug|Any CPU.ActiveCfg = Debug|Any CPU
		{4CB1DF25-D44F-4D23-9A50-50B1E8630FEB}.Debug|Any CPU.Build.0 = Debug|Any CPU
		{4CB1DF25-D44F-4D23-9A50-50B1E8630FEB}.Release|Any CPU.ActiveCfg = Release|Any CPU
		{4CB1DF25-D44F-4D23-9A50-50B1E8630FEB}.Release|Any CPU.Build.0 = Release|Any CPU
	EndGlobalSection
	GlobalSection(SolutionProperties) = preSolution
		HideSolutionNode = FALSE
	EndGlobalSection
EndGlobal
